Microsoft Visual Studio Solution File, Format Version 12.00
# Visual Studio Version 17
VisualStudioVersion = 17.5.2.0
MinimumVisualStudioVersion = 10.0.40219.1
Project("{FAE04EC0-301F-11D3-BF4B-00C04F79EFBC}") = "hangfire_template_net8", "hangfire_template_net8.csproj", "{351FF547-D153-680A-32F1-F203D4D68811}"
EndProject
Global
	GlobalSection(SolutionConfigurationPlatforms) = preSolution
		Debug|Any CPU = Debug|Any CPU
		Release|Any CPU = Release|Any CPU
	EndGlobalSection
	GlobalSection(ProjectConfigurationPlatforms) = postSolution
		{351FF547-D153-680A-32F1-F203D4D68811}.Debug|Any CPU.ActiveCfg = Debug|Any CPU
		{351FF547-D153-680A-32F1-F203D4D68811}.Debug|Any CPU.Build.0 = Debug|Any CPU
		{351FF547-D153-680A-32F1-F203D4D68811}.Release|Any CPU.ActiveCfg = Release|Any CPU
		{351FF547-D153-680A-32F1-F203D4D68811}.Release|Any CPU.Build.0 = Release|Any CPU
	EndGlobalSection
	GlobalSection(SolutionProperties) = preSolution
		HideSolutionNode = FALSE
	EndGlobalSection
	GlobalSection(ExtensibilityGlobals) = postSolution
		SolutionGuid = {5C2CD092-C8E1-41BD-94C3-A0CBB0AA5704}
	EndGlobalSection
EndGlobal
